
Microsoft Visual Studio Solution File, Format Version 12.00
# Visual Studio Version 17
VisualStudioVersion = 17.5.33627.172
MinimumVisualStudioVersion = 10.0.40219.1
Project("{9A19103F-16F7-4668-BE54-9A1E7A4F7556}") = "DestinationService", "DestinationService.csproj", "{28958C8D-FF25-49D7-8D6D-DB5AD6A50F0A}"
EndProject
Project("{9A19103F-16F7-4668-BE54-9A1E7A4F7556}") = "Gateway", "..\Gateway\Gateway.csproj", "{93832E86-251D-4AE9-818B-6B73E11D7B75}"
EndProject
Project("{FAE04EC0-301F-11D3-BF4B-00C04F79EFBC}") = "UserService", "..\UserService\UserService.csproj", "{5A366A59-C7A1-49DA-8ADD-995C20B78015}"
EndProject
Global
	GlobalSection(SolutionConfigurationPlatforms) = preSolution
		Debug|Any CPU = Debug|Any CPU
		Release|Any CPU = Release|Any CPU
	EndGlobalSection
	GlobalSection(ProjectConfigurationPlatforms) = postSolution
		{28958C8D-FF25-49D7-8D6D-DB5AD6A50F0A}.Debug|Any CPU.ActiveCfg = Debug|Any CPU
		{28958C8D-FF25-49D7-8D6D-DB5AD6A50F0A}.Debug|Any CPU.Build.0 = Debug|Any CPU
		{28958C8D-FF25-49D7-8D6D-DB5AD6A50F0A}.Release|Any CPU.ActiveCfg = Release|Any CPU
		{28958C8D-FF25-49D7-8D6D-DB5AD6A50F0A}.Release|Any CPU.Build.0 = Release|Any CPU
		{93832E86-251D-4AE9-818B-6B73E11D7B75}.Debug|Any CPU.ActiveCfg = Debug|Any CPU
		{93832E86-251D-4AE9-818B-6B73E11D7B75}.Debug|Any CPU.Build.0 = Debug|Any CPU
		{93832E86-251D-4AE9-818B-6B73E11D7B75}.Release|Any CPU.ActiveCfg = Release|Any CPU
		{93832E86-251D-4AE9-818B-6B73E11D7B75}.Release|Any CPU.Build.0 = Release|Any CPU
		{5A366A59-C7A1-49DA-8ADD-995C20B78015}.Debug|Any CPU.ActiveCfg = Debug|Any CPU
		{5A366A59-C7A1-49DA-8ADD-995C20B78015}.Debug|Any CPU.Build.0 = Debug|Any CPU
		{5A366A59-C7A1-49DA-8ADD-995C20B78015}.Release|Any CPU.ActiveCfg = Release|Any CPU
		{5A366A59-C7A1-49DA-8ADD-995C20B78015}.Release|Any CPU.Build.0 = Release|Any CPU
	EndGlobalSection
	GlobalSection(SolutionProperties) = preSolution
		HideSolutionNode = FALSE
	EndGlobalSection
	GlobalSection(ExtensibilityGlobals) = postSolution
		SolutionGuid = {BE62ED20-A24E-414C-9A9D-4438460ABB65}
	EndGlobalSection
EndGlobal
